# THIS IS AN AUTOGENERATED FILE. DO NOT EDIT THIS FILE DIRECTLY.
# yarn lockfile v1


"@hawapi/js-sdk@../../":
  version "1.0.0"

"@types/node@^20.4.1":
  version "20.4.1"
  resolved "https://registry.yarnpkg.com/@types/node/-/node-20.4.1.tgz#a6033a8718653c50ac4962977e14d0f984d9527d"
  integrity sha512-JIzsAvJeA/5iY6Y/OxZbv1lUcc8dNSE77lb2gnBH+/PJ3lFR1Ccvgwl5JWnHAkNHcRsT0TbpVOsiMKZ1F/yyJg==

typescript@^5.1.6:
  version "5.1.6"
  resolved "https://registry.yarnpkg.com/typescript/-/typescript-5.1.6.tgz#02f8ac202b6dad2c0dd5e0913745b47a37998274"
  integrity sha512-zaWCozRZ6DLEWAWFrVDz1H6FVXzUSfTy5FUMWsQlU8Ym5JP9eO4xkTIROFCQvhQf61z6O/G6ugw3SgAnvvm+HA==
